// !$*UTF8*$!
{
	archiveVersion = 1;
	classes = {
	};
	objectVersion = 55;
	objects = {

/* Begin PBXBuildFile section */
		74243E1D26CC799100190BB3 /* ContentViewModel.swift in Sources */ = {isa = PBXBuildFile; fileRef = 74243E1C26CC799100190BB3 /* ContentViewModel.swift */; };
		74243E1E26CC799100190BB3 /* ContentViewModel.swift in Sources */ = {isa = PBXBuildFile; fileRef = 74243E1C26CC799100190BB3 /* ContentViewModel.swift */; };
		74302C0926E05C62005D51D4 /* CarouselItemViewModel.swift in Sources */ = {isa = PBXBuildFile; fileRef = 74302C0826E05C62005D51D4 /* CarouselItemViewModel.swift */; };
		74302C0A26E05C62005D51D4 /* CarouselItemViewModel.swift in Sources */ = {isa = PBXBuildFile; fileRef = 74302C0826E05C62005D51D4 /* CarouselItemViewModel.swift */; };
		74302C0C26E05E2C005D51D4 /* MockItem.swift in Sources */ = {isa = PBXBuildFile; fileRef = 74302C0B26E05E2C005D51D4 /* MockItem.swift */; };
		74302C0D26E05E2C005D51D4 /* MockItem.swift in Sources */ = {isa = PBXBuildFile; fileRef = 74302C0B26E05E2C005D51D4 /* MockItem.swift */; };
		744B113D26C42F4300D9EDDC /* FBBView_TestApp.swift in Sources */ = {isa = PBXBuildFile; fileRef = 744B112F26C42F4200D9EDDC /* FBBView_TestApp.swift */; };
		744B113E26C42F4300D9EDDC /* FBBView_TestApp.swift in Sources */ = {isa = PBXBuildFile; fileRef = 744B112F26C42F4200D9EDDC /* FBBView_TestApp.swift */; };
		744B113F26C42F4300D9EDDC /* ContentView.swift in Sources */ = {isa = PBXBuildFile; fileRef = 744B113026C42F4200D9EDDC /* ContentView.swift */; };
		744B114026C42F4300D9EDDC /* ContentView.swift in Sources */ = {isa = PBXBuildFile; fileRef = 744B113026C42F4200D9EDDC /* ContentView.swift */; };
		744B114126C42F4300D9EDDC /* Assets.xcassets in Resources */ = {isa = PBXBuildFile; fileRef = 744B113126C42F4300D9EDDC /* Assets.xcassets */; };
		744B114226C42F4300D9EDDC /* Assets.xcassets in Resources */ = {isa = PBXBuildFile; fileRef = 744B113126C42F4300D9EDDC /* Assets.xcassets */; };
		744B114C26C431DE00D9EDDC /* TrackableScrollView.swift in Sources */ = {isa = PBXBuildFile; fileRef = 744B114B26C431DE00D9EDDC /* TrackableScrollView.swift */; };
		744B114D26C431DE00D9EDDC /* TrackableScrollView.swift in Sources */ = {isa = PBXBuildFile; fileRef = 744B114B26C431DE00D9EDDC /* TrackableScrollView.swift */; };
		744B114F26C4333200D9EDDC /* ScrollOffsetPreference.swift in Sources */ = {isa = PBXBuildFile; fileRef = 744B114E26C4333200D9EDDC /* ScrollOffsetPreference.swift */; };
		744B115026C4333200D9EDDC /* ScrollOffsetPreference.swift in Sources */ = {isa = PBXBuildFile; fileRef = 744B114E26C4333200D9EDDC /* ScrollOffsetPreference.swift */; };
		744B115226C4360700D9EDDC /* FTBView.swift in Sources */ = {isa = PBXBuildFile; fileRef = 744B115126C4360700D9EDDC /* FTBView.swift */; };
		744B115326C4360700D9EDDC /* FTBView.swift in Sources */ = {isa = PBXBuildFile; fileRef = 744B115126C4360700D9EDDC /* FTBView.swift */; };
		744B115526C4361100D9EDDC /* FTBViewModel.swift in Sources */ = {isa = PBXBuildFile; fileRef = 744B115426C4361100D9EDDC /* FTBViewModel.swift */; };
		744B115626C4361100D9EDDC /* FTBViewModel.swift in Sources */ = {isa = PBXBuildFile; fileRef = 744B115426C4361100D9EDDC /* FTBViewModel.swift */; };
		744B115B26C4B1CA00D9EDDC /* ContentTabView.swift in Sources */ = {isa = PBXBuildFile; fileRef = 744B115A26C4B1CA00D9EDDC /* ContentTabView.swift */; };
		744B115C26C4B1CA00D9EDDC /* ContentTabView.swift in Sources */ = {isa = PBXBuildFile; fileRef = 744B115A26C4B1CA00D9EDDC /* ContentTabView.swift */; };
		745B1CEE26D33F640080A851 /* ImageCarousel.swift in Sources */ = {isa = PBXBuildFile; fileRef = 745B1CED26D33F640080A851 /* ImageCarousel.swift */; };
		745B1CEF26D33F640080A851 /* ImageCarousel.swift in Sources */ = {isa = PBXBuildFile; fileRef = 745B1CED26D33F640080A851 /* ImageCarousel.swift */; };
		745B1CF126D33F740080A851 /* CarouselItem.swift in Sources */ = {isa = PBXBuildFile; fileRef = 745B1CF026D33F740080A851 /* CarouselItem.swift */; };
		745B1CF226D33F740080A851 /* CarouselItem.swift in Sources */ = {isa = PBXBuildFile; fileRef = 745B1CF026D33F740080A851 /* CarouselItem.swift */; };
		745B1CF426D33F820080A851 /* ImageCarouselModel.swift in Sources */ = {isa = PBXBuildFile; fileRef = 745B1CF326D33F820080A851 /* ImageCarouselModel.swift */; };
		745B1CF526D33F820080A851 /* ImageCarouselModel.swift in Sources */ = {isa = PBXBuildFile; fileRef = 745B1CF326D33F820080A851 /* ImageCarouselModel.swift */; };
/* End PBXBuildFile section */

/* Begin PBXFileReference section */
		74243E1C26CC799100190BB3 /* ContentViewModel.swift */ = {isa = PBXFileReference; lastKnownFileType = sourcecode.swift; path = ContentViewModel.swift; sourceTree = "<group>"; };
		74302C0826E05C62005D51D4 /* CarouselItemViewModel.swift */ = {isa = PBXFileReference; lastKnownFileType = sourcecode.swift; path = CarouselItemViewModel.swift; sourceTree = "<group>"; };
		74302C0B26E05E2C005D51D4 /* MockItem.swift */ = {isa = PBXFileReference; lastKnownFileType = sourcecode.swift; path = MockItem.swift; sourceTree = "<group>"; };
		744B112F26C42F4200D9EDDC /* FBBView_TestApp.swift */ = {isa = PBXFileReference; lastKnownFileType = sourcecode.swift; path = FBBView_TestApp.swift; sourceTree = "<group>"; };
		744B113026C42F4200D9EDDC /* ContentView.swift */ = {isa = PBXFileReference; lastKnownFileType = sourcecode.swift; path = ContentView.swift; sourceTree = "<group>"; };
		744B113126C42F4300D9EDDC /* Assets.xcassets */ = {isa = PBXFileReference; lastKnownFileType = folder.assetcatalog; path = Assets.xcassets; sourceTree = "<group>"; };
		744B113626C42F4300D9EDDC /* FBBView_Test.app */ = {isa = PBXFileReference; explicitFileType = wrapper.application; includeInIndex = 0; path = FBBView_Test.app; sourceTree = BUILT_PRODUCTS_DIR; };
		744B113C26C42F4300D9EDDC /* FBBView_Test.app */ = {isa = PBXFileReference; explicitFileType = wrapper.application; includeInIndex = 0; path = FBBView_Test.app; sourceTree = BUILT_PRODUCTS_DIR; };
		744B114B26C431DE00D9EDDC /* TrackableScrollView.swift */ = {isa = PBXFileReference; lastKnownFileType = sourcecode.swift; path = TrackableScrollView.swift; sourceTree = "<group>"; };
		744B114E26C4333200D9EDDC /* ScrollOffsetPreference.swift */ = {isa = PBXFileReference; lastKnownFileType = sourcecode.swift; path = ScrollOffsetPreference.swift; sourceTree = "<group>"; };
		744B115126C4360700D9EDDC /* FTBView.swift */ = {isa = PBXFileReference; lastKnownFileType = sourcecode.swift; path = FTBView.swift; sourceTree = "<group>"; };
		744B115426C4361100D9EDDC /* FTBViewModel.swift */ = {isa = PBXFileReference; lastKnownFileType = sourcecode.swift; path = FTBViewModel.swift; sourceTree = "<group>"; };
		744B115A26C4B1CA00D9EDDC /* ContentTabView.swift */ = {isa = PBXFileReference; lastKnownFileType = sourcecode.swift; path = ContentTabView.swift; sourceTree = "<group>"; };
		745B1CED26D33F640080A851 /* ImageCarousel.swift */ = {isa = PBXFileReference; lastKnownFileType = sourcecode.swift; path = ImageCarousel.swift; sourceTree = "<group>"; };
		745B1CF026D33F740080A851 /* CarouselItem.swift */ = {isa = PBXFileReference; lastKnownFileType = sourcecode.swift; path = CarouselItem.swift; sourceTree = "<group>"; };
		745B1CF326D33F820080A851 /* ImageCarouselModel.swift */ = {isa = PBXFileReference; lastKnownFileType = sourcecode.swift; path = ImageCarouselModel.swift; sourceTree = "<group>"; };
/* End PBXFileReference section */

/* Begin PBXFrameworksBuildPhase section */
		744B113326C42F4300D9EDDC /* Frameworks */ = {
			isa = PBXFrameworksBuildPhase;
			buildActionMask = 2147483647;
			files = (
			);
			runOnlyForDeploymentPostprocessing = 0;
		};
		744B113926C42F4300D9EDDC /* Frameworks */ = {
			isa = PBXFrameworksBuildPhase;
			buildActionMask = 2147483647;
			files = (
			);
			runOnlyForDeploymentPostprocessing = 0;
		};
/* End PBXFrameworksBuildPhase section */

/* Begin PBXGroup section */
		744B112926C42F4200D9EDDC = {
			isa = PBXGroup;
			children = (
				744B112E26C42F4200D9EDDC /* Shared */,
				744B113726C42F4300D9EDDC /* Products */,
			);
			sourceTree = "<group>";
		};
		744B112E26C42F4200D9EDDC /* Shared */ = {
			isa = PBXGroup;
			children = (
				745B1CEC26D33F1C0080A851 /* ImageCarousel */,
				745B1CEB26D335A00080A851 /* FTBView */,
				744B112F26C42F4200D9EDDC /* FBBView_TestApp.swift */,
				744B113026C42F4200D9EDDC /* ContentView.swift */,
				744B113126C42F4300D9EDDC /* Assets.xcassets */,
				744B114B26C431DE00D9EDDC /* TrackableScrollView.swift */,
				744B114E26C4333200D9EDDC /* ScrollOffsetPreference.swift */,
				74243E1C26CC799100190BB3 /* ContentViewModel.swift */,
				74302C0B26E05E2C005D51D4 /* MockItem.swift */,
			);
			path = Shared;
			sourceTree = "<group>";
		};
		744B113726C42F4300D9EDDC /* Products */ = {
			isa = PBXGroup;
			children = (
				744B113626C42F4300D9EDDC /* FBBView_Test.app */,
				744B113C26C42F4300D9EDDC /* FBBView_Test.app */,
			);
			name = Products;
			sourceTree = "<group>";
		};
		745B1CEB26D335A00080A851 /* FTBView */ = {
			isa = PBXGroup;
			children = (
				744B115A26C4B1CA00D9EDDC /* ContentTabView.swift */,
				744B115126C4360700D9EDDC /* FTBView.swift */,
				744B115426C4361100D9EDDC /* FTBViewModel.swift */,
			);
			path = FTBView;
			sourceTree = "<group>";
		};
		745B1CEC26D33F1C0080A851 /* ImageCarousel */ = {
			isa = PBXGroup;
			children = (
				745B1CED26D33F640080A851 /* ImageCarousel.swift */,
				745B1CF026D33F740080A851 /* CarouselItem.swift */,
				745B1CF326D33F820080A851 /* ImageCarouselModel.swift */,
				74302C0826E05C62005D51D4 /* CarouselItemViewModel.swift */,
			);
			path = ImageCarousel;
			sourceTree = "<group>";
		};
/* End PBXGroup section */

/* Begin PBXNativeTarget section */
		744B113526C42F4300D9EDDC /* FBBView_Test (iOS) */ = {
			isa = PBXNativeTarget;
			buildConfigurationList = 744B114526C42F4300D9EDDC /* Build configuration list for PBXNativeTarget "FBBView_Test (iOS)" */;
			buildPhases = (
				744B113226C42F4300D9EDDC /* Sources */,
				744B113326C42F4300D9EDDC /* Frameworks */,
				744B113426C42F4300D9EDDC /* Resources */,
			);
			buildRules = (
			);
			dependencies = (
			);
			name = "FBBView_Test (iOS)";
			productName = "FBBView_Test (iOS)";
			productReference = 744B113626C42F4300D9EDDC /* FBBView_Test.app */;
			productType = "com.apple.product-type.application";
		};
		744B113B26C42F4300D9EDDC /* FBBView_Test (macOS) */ = {
			isa = PBXNativeTarget;
			buildConfigurationList = 744B114826C42F4300D9EDDC /* Build configuration list for PBXNativeTarget "FBBView_Test (macOS)" */;
			buildPhases = (
				744B113826C42F4300D9EDDC /* Sources */,
				744B113926C42F4300D9EDDC /* Frameworks */,
				744B113A26C42F4300D9EDDC /* Resources */,
			);
			buildRules = (
			);
			dependencies = (
			);
			name = "FBBView_Test (macOS)";
			productName = "FBBView_Test (macOS)";
			productReference = 744B113C26C42F4300D9EDDC /* FBBView_Test.app */;
			productType = "com.apple.product-type.application";
		};
/* End PBXNativeTarget section */

/* Begin PBXProject section */
		744B112A26C42F4200D9EDDC /* Project object */ = {
			isa = PBXProject;
			attributes = {
				BuildIndependentTargetsInParallel = 1;
				LastSwiftUpdateCheck = 1300;
				LastUpgradeCheck = 1300;
				TargetAttributes = {
					744B113526C42F4300D9EDDC = {
						CreatedOnToolsVersion = 13.0;
					};
					744B113B26C42F4300D9EDDC = {
						CreatedOnToolsVersion = 13.0;
					};
				};
			};
			buildConfigurationList = 744B112D26C42F4200D9EDDC /* Build configuration list for PBXProject "FBBView_Test" */;
			compatibilityVersion = "Xcode 13.0";
			developmentRegion = en;
			hasScannedForEncodings = 0;
			knownRegions = (
				en,
				Base,
			);
			mainGroup = 744B112926C42F4200D9EDDC;
			productRefGroup = 744B113726C42F4300D9EDDC /* Products */;
			projectDirPath = "";
			projectRoot = "";
			targets = (
				744B113526C42F4300D9EDDC /* FBBView_Test (iOS) */,
				744B113B26C42F4300D9EDDC /* FBBView_Test (macOS) */,
			);
		};
/* End PBXProject section */

/* Begin PBXResourcesBuildPhase section */
		744B113426C42F4300D9EDDC /* Resources */ = {
			isa = PBXResourcesBuildPhase;
			buildActionMask = 2147483647;
			files = (
				744B114126C42F4300D9EDDC /* Assets.xcassets in Resources */,
			);
			runOnlyForDeploymentPostprocessing = 0;
		};
		744B113A26C42F4300D9EDDC /* Resources */ = {
			isa = PBXResourcesBuildPhase;
			buildActionMask = 2147483647;
			files = (
				744B114226C42F4300D9EDDC /* Assets.xcassets in Resources */,
			);
			runOnlyForDeploymentPostprocessing = 0;
		};
/* End PBXResourcesBuildPhase section */

/* Begin PBXSourcesBuildPhase section */
		744B113226C42F4300D9EDDC /* Sources */ = {
			isa = PBXSourcesBuildPhase;
			buildActionMask = 2147483647;
			files = (
				745B1CF426D33F820080A851 /* ImageCarouselModel.swift in Sources */,
				74243E1D26CC799100190BB3 /* ContentViewModel.swift in Sources */,
				74302C0C26E05E2C005D51D4 /* MockItem.swift in Sources */,
				744B114F26C4333200D9EDDC /* ScrollOffsetPreference.swift in Sources */,
				744B114C26C431DE00D9EDDC /* TrackableScrollView.swift in Sources */,
				745B1CEE26D33F640080A851 /* ImageCarousel.swift in Sources */,
				744B115226C4360700D9EDDC /* FTBView.swift in Sources */,
				744B115B26C4B1CA00D9EDDC /* ContentTabView.swift in Sources */,
				74302C0926E05C62005D51D4 /* CarouselItemViewModel.swift in Sources */,
				744B115526C4361100D9EDDC /* FTBViewModel.swift in Sources */,
				744B113F26C42F4300D9EDDC /* ContentView.swift in Sources */,
				745B1CF126D33F740080A851 /* CarouselItem.swift in Sources */,
				744B113D26C42F4300D9EDDC /* FBBView_TestApp.swift in Sources */,
			);
			runOnlyForDeploymentPostprocessing = 0;
		};
		744B113826C42F4300D9EDDC /* Sources */ = {
			isa = PBXSourcesBuildPhase;
			buildActionMask = 2147483647;
			files = (
				745B1CF526D33F820080A851 /* ImageCarouselModel.swift in Sources */,
				74243E1E26CC799100190BB3 /* ContentViewModel.swift in Sources */,
				74302C0D26E05E2C005D51D4 /* MockItem.swift in Sources */,
				744B115026C4333200D9EDDC /* ScrollOffsetPreference.swift in Sources */,
				744B114D26C431DE00D9EDDC /* TrackableScrollView.swift in Sources */,
				745B1CEF26D33F640080A851 /* ImageCarousel.swift in Sources */,
				744B115326C4360700D9EDDC /* FTBView.swift in Sources */,
				744B115C26C4B1CA00D9EDDC /* ContentTabView.swift in Sources */,
				74302C0A26E05C62005D51D4 /* CarouselItemViewModel.swift in Sources */,
				744B115626C4361100D9EDDC /* FTBViewModel.swift in Sources */,
				744B114026C42F4300D9EDDC /* ContentView.swift in Sources */,
				745B1CF226D33F740080A851 /* CarouselItem.swift in Sources */,
				744B113E26C42F4300D9EDDC /* FBBView_TestApp.swift in Sources */,
			);
			runOnlyForDeploymentPostprocessing = 0;
		};
/* End PBXSourcesBuildPhase section */

/* Begin XCBuildConfiguration section */
		744B114326C42F4300D9EDDC /* Debug */ = {
			isa = XCBuildConfiguration;
			buildSettings = {
				ALWAYS_SEARCH_USER_PATHS = NO;
				CLANG_ANALYZER_NONNULL = YES;
				CLANG_ANALYZER_NUMBER_OBJECT_CONVERSION = YES_AGGRESSIVE;
				CLANG_CXX_LANGUAGE_STANDARD = "gnu++17";
				CLANG_CXX_LIBRARY = "libc++";
				CLANG_ENABLE_MODULES = YES;
				CLANG_ENABLE_OBJC_ARC = YES;
				CLANG_ENABLE_OBJC_WEAK = YES;
				CLANG_WARN_BLOCK_CAPTURE_AUTORELEASING = YES;
				CLANG_WARN_BOOL_CONVERSION = YES;
				CLANG_WARN_COMMA = YES;
				CLANG_WARN_CONSTANT_CONVERSION = YES;
				CLANG_WARN_DEPRECATED_OBJC_IMPLEMENTATIONS = YES;
				CLANG_WARN_DIRECT_OBJC_ISA_USAGE = YES_ERROR;
				CLANG_WARN_DOCUMENTATION_COMMENTS = YES;
				CLANG_WARN_EMPTY_BODY = YES;
				CLANG_WARN_ENUM_CONVERSION = YES;
				CLANG_WARN_INFINITE_RECURSION = YES;
				CLANG_WARN_INT_CONVERSION = YES;
				CLANG_WARN_NON_LITERAL_NULL_CONVERSION = YES;
				CLANG_WARN_OBJC_IMPLICIT_RETAIN_SELF = YES;
				CLANG_WARN_OBJC_LITERAL_CONVERSION = YES;
				CLANG_WARN_OBJC_ROOT_CLASS = YES_ERROR;
				CLANG_WARN_QUOTED_INCLUDE_IN_FRAMEWORK_HEADER = YES;
				CLANG_WARN_RANGE_LOOP_ANALYSIS = YES;
				CLANG_WARN_STRICT_PROTOTYPES = YES;
				CLANG_WARN_SUSPICIOUS_MOVE = YES;
				CLANG_WARN_UNGUARDED_AVAILABILITY = YES_AGGRESSIVE;
				CLANG_WARN_UNREACHABLE_CODE = YES;
				CLANG_WARN__DUPLICATE_METHOD_MATCH = YES;
				COPY_PHASE_STRIP = NO;
				DEBUG_INFORMATION_FORMAT = dwarf;
				ENABLE_STRICT_OBJC_MSGSEND = YES;
				ENABLE_TESTABILITY = YES;
				GCC_C_LANGUAGE_STANDARD = gnu11;
				GCC_DYNAMIC_NO_PIC = NO;
				GCC_NO_COMMON_BLOCKS = YES;
				GCC_OPTIMIZATION_LEVEL = 0;
				GCC_PREPROCESSOR_DEFINITIONS = (
					"DEBUG=1",
					"$(inherited)",
				);
				GCC_WARN_64_TO_32_BIT_CONVERSION = YES;
				GCC_WARN_ABOUT_RETURN_TYPE = YES_ERROR;
				GCC_WARN_UNDECLARED_SELECTOR = YES;
				GCC_WARN_UNINITIALIZED_AUTOS = YES_AGGRESSIVE;
				GCC_WARN_UNUSED_FUNCTION = YES;
				GCC_WARN_UNUSED_VARIABLE = YES;
				MTL_ENABLE_DEBUG_INFO = INCLUDE_SOURCE;
				MTL_FAST_MATH = YES;
				ONLY_ACTIVE_ARCH = YES;
				SWIFT_ACTIVE_COMPILATION_CONDITIONS = DEBUG;
				SWIFT_OPTIMIZATION_LEVEL = "-Onone";
			};
			name = Debug;
		};
		744B114426C42F4300D9EDDC /* Release */ = {
			isa = XCBuildConfiguration;
			buildSettings = {
				ALWAYS_SEARCH_USER_PATHS = NO;
				CLANG_ANALYZER_NONNULL = YES;
				CLANG_ANALYZER_NUMBER_OBJECT_CONVERSION = YES_AGGRESSIVE;
				CLANG_CXX_LANGUAGE_STANDARD = "gnu++17";
				CLANG_CXX_LIBRARY = "libc++";
				CLANG_ENABLE_MODULES = YES;
				CLANG_ENABLE_OBJC_ARC = YES;
				CLANG_ENABLE_OBJC_WEAK = YES;
				CLANG_WARN_BLOCK_CAPTURE_AUTORELEASING = YES;
				CLANG_WARN_BOOL_CONVERSION = YES;
				CLANG_WARN_COMMA = YES;
				CLANG_WARN_CONSTANT_CONVERSION = YES;
				CLANG_WARN_DEPRECATED_OBJC_IMPLEMENTATIONS = YES;
				CLANG_WARN_DIRECT_OBJC_ISA_USAGE = YES_ERROR;
				CLANG_WARN_DOCUMENTATION_COMMENTS = YES;
				CLANG_WARN_EMPTY_BODY = YES;
				CLANG_WARN_ENUM_CONVERSION = YES;
				CLANG_WARN_INFINITE_RECURSION = YES;
				CLANG_WARN_INT_CONVERSION = YES;
				CLANG_WARN_NON_LITERAL_NULL_CONVERSION = YES;
				CLANG_WARN_OBJC_IMPLICIT_RETAIN_SELF = YES;
				CLANG_WARN_OBJC_LITERAL_CONVERSION = YES;
				CLANG_WARN_OBJC_ROOT_CLASS = YES_ERROR;
				CLANG_WARN_QUOTED_INCLUDE_IN_FRAMEWORK_HEADER = YES;
				CLANG_WARN_RANGE_LOOP_ANALYSIS = YES;
				CLANG_WARN_STRICT_PROTOTYPES = YES;
				CLANG_WARN_SUSPICIOUS_MOVE = YES;
				CLANG_WARN_UNGUARDED_AVAILABILITY = YES_AGGRESSIVE;
				CLANG_WARN_UNREACHABLE_CODE = YES;
				CLANG_WARN__DUPLICATE_METHOD_MATCH = YES;
				COPY_PHASE_STRIP = NO;
				DEBUG_INFORMATION_FORMAT = "dwarf-with-dsym";
				ENABLE_NS_ASSERTIONS = NO;
				ENABLE_STRICT_OBJC_MSGSEND = YES;
				GCC_C_LANGUAGE_STANDARD = gnu11;
				GCC_NO_COMMON_BLOCKS = YES;
				GCC_WARN_64_TO_32_BIT_CONVERSION = YES;
				GCC_WARN_ABOUT_RETURN_TYPE = YES_ERROR;
				GCC_WARN_UNDECLARED_SELECTOR = YES;
				GCC_WARN_UNINITIALIZED_AUTOS = YES_AGGRESSIVE;
				GCC_WARN_UNUSED_FUNCTION = YES;
				GCC_WARN_UNUSED_VARIABLE = YES;
				MTL_ENABLE_DEBUG_INFO = NO;
				MTL_FAST_MATH = YES;
				SWIFT_COMPILATION_MODE = wholemodule;
				SWIFT_OPTIMIZATION_LEVEL = "-O";
			};
			name = Release;
		};
		744B114626C42F4300D9EDDC /* Debug */ = {
			isa = XCBuildConfiguration;
			buildSettings = {
				ASSETCATALOG_COMPILER_APPICON_NAME = AppIcon;
				ASSETCATALOG_COMPILER_GLOBAL_ACCENT_COLOR_NAME = AccentColor;
				CODE_SIGN_STYLE = Automatic;
				CURRENT_PROJECT_VERSION = 1;
				DEVELOPMENT_TEAM = 75B22CD4TC;
				ENABLE_PREVIEWS = YES;
				GENERATE_INFOPLIST_FILE = YES;
				INFOPLIST_KEY_UIApplicationSceneManifest_Generation = YES;
				INFOPLIST_KEY_UIApplicationSupportsIndirectInputEvents = YES;
				INFOPLIST_KEY_UILaunchScreen_Generation = YES;
				INFOPLIST_KEY_UISupportedInterfaceOrientations_iPad = "UIInterfaceOrientationPortrait UIInterfaceOrientationPortraitUpsideDown UIInterfaceOrientationLandscapeLeft UIInterfaceOrientationLandscapeRight";
				INFOPLIST_KEY_UISupportedInterfaceOrientations_iPhone = "UIInterfaceOrientationPortrait UIInterfaceOrientationLandscapeLeft UIInterfaceOrientationLandscapeRight";
				IPHONEOS_DEPLOYMENT_TARGET = 15.0;
				LD_RUNPATH_SEARCH_PATHS = (
					"$(inherited)",
					"@executable_path/Frameworks",
				);
				MARKETING_VERSION = 1.0;
				PRODUCT_BUNDLE_IDENTIFIER = "BRP.FBBView-Test";
				PRODUCT_NAME = FBBView_Test;
				SDKROOT = iphoneos;
				SWIFT_EMIT_LOC_STRINGS = YES;
				SWIFT_VERSION = 5.0;
				TARGETED_DEVICE_FAMILY = "1,2";
			};
			name = Debug;
		};
		744B114726C42F4300D9EDDC /* Release */ = {
			isa = XCBuildConfiguration;
			buildSettings = {
				ASSETCATALOG_COMPILER_APPICON_NAME = AppIcon;
				ASSETCATALOG_COMPILER_GLOBAL_ACCENT_COLOR_NAME = AccentColor;
				CODE_SIGN_STYLE = Automatic;
				CURRENT_PROJECT_VERSION = 1;
				DEVELOPMENT_TEAM = 75B22CD4TC;
				ENABLE_PREVIEWS = YES;
				GENERATE_INFOPLIST_FILE = YES;
				INFOPLIST_KEY_UIApplicationSceneManifest_Generation = YES;
				INFOPLIST_KEY_UIApplicationSupportsIndirectInputEvents = YES;
				INFOPLIST_KEY_UILaunchScreen_Generation = YES;
				INFOPLIST_KEY_UISupportedInterfaceOrientations_iPad = "UIInterfaceOrientationPortrait UIInterfaceOrientationPortraitUpsideDown UIInterfaceOrientationLandscapeLeft UIInterfaceOrientationLandscapeRight";
				INFOPLIST_KEY_UISupportedInterfaceOrientations_iPhone = "UIInterfaceOrientationPortrait UIInterfaceOrientationLandscapeLeft UIInterfaceOrientationLandscapeRight";
				IPHONEOS_DEPLOYMENT_TARGET = 15.0;
				LD_RUNPATH_SEARCH_PATHS = (
					"$(inherited)",
					"@executable_path/Frameworks",
				);
				MARKETING_VERSION = 1.0;
				PRODUCT_BUNDLE_IDENTIFIER = "BRP.FBBView-Test";
				PRODUCT_NAME = FBBView_Test;
				SDKROOT = iphoneos;
				SWIFT_EMIT_LOC_STRINGS = YES;
				SWIFT_VERSION = 5.0;
				TARGETED_DEVICE_FAMILY = "1,2";
				VALIDATE_PRODUCT = YES;
			};
			name = Release;
		};
		744B114926C42F4300D9EDDC /* Debug */ = {
			isa = XCBuildConfiguration;
			buildSettings = {
				ASSETCATALOG_COMPILER_APPICON_NAME = AppIcon;
				ASSETCATALOG_COMPILER_GLOBAL_ACCENT_COLOR_NAME = AccentColor;
				CODE_SIGN_STYLE = Automatic;
				COMBINE_HIDPI_IMAGES = YES;
				CURRENT_PROJECT_VERSION = 1;
				DEVELOPMENT_TEAM = 75B22CD4TC;
				ENABLE_APP_SANDBOX = YES;
				ENABLE_HARDENED_RUNTIME = YES;
				ENABLE_PREVIEWS = YES;
				ENABLE_USER_SELECTED_FILES = readonly;
				GENERATE_INFOPLIST_FILE = YES;
				INFOPLIST_KEY_NSHumanReadableCopyright = "";
				LD_RUNPATH_SEARCH_PATHS = (
					"$(inherited)",
					"@executable_path/../Frameworks",
				);
				MACOSX_DEPLOYMENT_TARGET = 11.0;
				MARKETING_VERSION = 1.0;
				PRODUCT_BUNDLE_IDENTIFIER = "BRP.FBBView-Test";
				PRODUCT_NAME = FBBView_Test;
				SDKROOT = macosx;
				SWIFT_EMIT_LOC_STRINGS = YES;
				SWIFT_VERSION = 5.0;
			};
			name = Debug;
		};
		744B114A26C42F4300D9EDDC /* Release */ = {
			isa = XCBuildConfiguration;
			buildSettings = {
				ASSETCATALOG_COMPILER_APPICON_NAME = AppIcon;
				ASSETCATALOG_COMPILER_GLOBAL_ACCENT_COLOR_NAME = AccentColor;
				CODE_SIGN_STYLE = Automatic;
				COMBINE_HIDPI_IMAGES = YES;
				CURRENT_PROJECT_VERSION = 1;
				DEVELOPMENT_TEAM = 75B22CD4TC;
				ENABLE_APP_SANDBOX = YES;
				ENABLE_HARDENED_RUNTIME = YES;
				ENABLE_PREVIEWS = YES;
				ENABLE_USER_SELECTED_FILES = readonly;
				GENERATE_INFOPLIST_FILE = YES;
				INFOPLIST_KEY_NSHumanReadableCopyright = "";
				LD_RUNPATH_SEARCH_PATHS = (
					"$(inherited)",
					"@executable_path/../Frameworks",
				);
				MACOSX_DEPLOYMENT_TARGET = 11.0;
				MARKETING_VERSION = 1.0;
				PRODUCT_BUNDLE_IDENTIFIER = "BRP.FBBView-Test";
				PRODUCT_NAME = FBBView_Test;
				SDKROOT = macosx;
				SWIFT_EMIT_LOC_STRINGS = YES;
				SWIFT_VERSION = 5.0;
			};
			name = Release;
		};
/* End XCBuildConfiguration section */

/* Begin XCConfigurationList section */
		744B112D26C42F4200D9EDDC /* Build configuration list for PBXProject "FBBView_Test" */ = {
			isa = XCConfigurationList;
			buildConfigurations = (
				744B114326C42F4300D9EDDC /* Debug */,
				744B114426C42F4300D9EDDC /* Release */,
			);
			defaultConfigurationIsVisible = 0;
			defaultConfigurationName = Release;
		};
		744B114526C42F4300D9EDDC /* Build configuration list for PBXNativeTarget "FBBView_Test (iOS)" */ = {
			isa = XCConfigurationList;
			buildConfigurations = (
				744B114626C42F4300D9EDDC /* Debug */,
				744B114726C42F4300D9EDDC /* Release */,
			);
			defaultConfigurationIsVisible = 0;
			defaultConfigurationName = Release;
		};
		744B114826C42F4300D9EDDC /* Build configuration list for PBXNativeTarget "FBBView_Test (macOS)" */ = {
			isa = XCConfigurationList;
			buildConfigurations = (
				744B114926C42F4300D9EDDC /* Debug */,
				744B114A26C42F4300D9EDDC /* Release */,
			);
			defaultConfigurationIsVisible = 0;
			defaultConfigurationName = Release;
		};
/* End XCConfigurationList section */
	};
	rootObject = 744B112A26C42F4200D9EDDC /* Project object */;
}
